
Microsoft Visual Studio Solution File, Format Version 12.00
# Visual Studio 15
Project("{FAE04EC0-301F-11D3-BF4B-00C04F79EFBC}") = "Unity.Timeline", "Unity.Timeline.csproj", "{F7B06BF8-3E1A-6B0D-AA53-B66AF3E1A067}"
EndProject
Project("{FAE04EC0-301F-11D3-BF4B-00C04F79EFBC}") = "Unity.VisualScripting.Flow", "Unity.VisualScripting.Flow.csproj", "{FCB4EBBD-C699-1BAA-02D5-9AEC32864A69}"
EndProject
Project("{FAE04EC0-301F-11D3-BF4B-00C04F79EFBC}") = "Unity.Timeline.Editor", "Unity.Timeline.Editor.csproj", "{8C777B4B-5661-C30F-FD50-FB24FE766AB4}"
EndProject
Project("{FAE04EC0-301F-11D3-BF4B-00C04F79EFBC}") = "Unity.PlasticSCM.Editor", "Unity.PlasticSCM.Editor.csproj", "{9D165767-59B2-6A6A-4268-1E2BE62972F7}"
EndProject
Project("{FAE04EC0-301F-11D3-BF4B-00C04F79EFBC}") = "Unity.Mathematics", "Unity.Mathematics.csproj", "{C021F6F1-DE2B-3958-6561-F8D0EB9FAD33}"
EndProject
Project("{FAE04EC0-301F-11D3-BF4B-00C04F79EFBC}") = "Unity.2D.Common.Path.Editor", "Unity.2D.Common.Path.Editor.csproj", "{1E5DD9A0-FA5E-3E71-ABEF-EDD9812BCFF0}"
EndProject
Project("{FAE04EC0-301F-11D3-BF4B-00C04F79EFBC}") = "Unity.2D.Psdimporter.Editor", "Unity.2D.Psdimporter.Editor.csproj", "{1D35C9FC-83CB-A92E-B613-DF5371196481}"
EndProject
Project("{FAE04EC0-301F-11D3-BF4B-00C04F79EFBC}") = "Unity.VisualScripting.Core.Editor", "Unity.VisualScripting.Core.Editor.csproj", "{2B13336F-3ED6-BE61-2889-2C56B8D4CCA9}"
EndProject
Project("{FAE04EC0-301F-11D3-BF4B-00C04F79EFBC}") = "Unity.2D.IK.Runtime", "Unity.2D.IK.Runtime.csproj", "{197E32EC-ACBA-DDF8-A45F-EEF7174472EC}"
EndProject
Project("{FAE04EC0-301F-11D3-BF4B-00C04F79EFBC}") = "UnityEditor.TestRunner", "UnityEditor.TestRunner.csproj", "{9E3AFEE9-7E75-D616-1055-7F434E8C657D}"
EndProject
Project("{FAE04EC0-301F-11D3-BF4B-00C04F79EFBC}") = "Unity.InputSystem", "Unity.InputSystem.csproj", "{F20B407E-32F3-3CC4-2248-FED2E5B2B715}"
EndProject
Project("{FAE04EC0-301F-11D3-BF4B-00C04F79EFBC}") = "Unity.TextMeshPro.Editor", "Unity.TextMeshPro.Editor.csproj", "{B128D184-F4D5-8E00-3517-5A467DF0CA5A}"
EndProject
Project("{FAE04EC0-301F-11D3-BF4B-00C04F79EFBC}") = "Unity.VisualScripting.Flow.Editor", "Unity.VisualScripting.Flow.Editor.csproj", "{5296419E-808C-EDF0-0D07-4FCC7A2DB464}"
EndProject
Project("{FAE04EC0-301F-11D3-BF4B-00C04F79EFBC}") = "UnityEngine.TestRunner", "UnityEngine.TestRunner.csproj", "{726BBB6A-F9E5-5D0B-7D5B-8EA4C6AEE3A0}"
EndProject
Project("{FAE04EC0-301F-11D3-BF4B-00C04F79EFBC}") = "Unity.VisualScripting.Core", "Unity.VisualScripting.Core.csproj", "{C955A8D0-40B8-CEAF-D5C8-229ED2082BFB}"
EndProject
Project("{FAE04EC0-301F-11D3-BF4B-00C04F79EFBC}") = "Unity.Searcher.Editor", "Unity.Searcher.Editor.csproj", "{DEDEE24D-F547-3F67-84A2-176709B4448F}"
EndProject
Project("{FAE04EC0-301F-11D3-BF4B-00C04F79EFBC}") = "Unity.Burst", "Unity.Burst.csproj", "{9D73841B-4317-FAB3-1AAE-A1E181249E3B}"
EndProject
Project("{FAE04EC0-301F-11D3-BF4B-00C04F79EFBC}") = "PsdPlugin", "PsdPlugin.csproj", "{95BD45B3-5623-74FF-B921-15B47C81A9DA}"
EndProject
Project("{FAE04EC0-301F-11D3-BF4B-00C04F79EFBC}") = "Assembly-CSharp", "Assembly-CSharp.csproj", "{2E7AC14C-A2E5-851F-1651-494C37945523}"
EndProject
Project("{FAE04EC0-301F-11D3-BF4B-00C04F79EFBC}") = "Unity.Collections", "Unity.Collections.csproj", "{9C2DDF95-F2AF-8394-3CD6-54C2BC9010D8}"
EndProject
Project("{FAE04EC0-301F-11D3-BF4B-00C04F79EFBC}") = "Unity.2D.Animation.Editor", "Unity.2D.Animation.Editor.csproj", "{B882A533-A01B-F333-39D4-EDA328A6F254}"
EndProject
Project("{FAE04EC0-301F-11D3-BF4B-00C04F79EFBC}") = "Unity.2D.SpriteShape.Editor", "Unity.2D.SpriteShape.Editor.csproj", "{872270C3-33FB-C794-2E7A-E833C77A6816}"
EndProject
Project("{FAE04EC0-301F-11D3-BF4B-00C04F79EFBC}") = "Unity.VisualStudio.Editor", "Unity.VisualStudio.Editor.csproj", "{FB6033A9-B16E-9732-BE7C-451F09F75894}"
EndProject
Project("{FAE04EC0-301F-11D3-BF4B-00C04F79EFBC}") = "Unity.Rider.Editor", "Unity.Rider.Editor.csproj", "{438732FC-5D08-A9D4-FC94-F45A11094757}"
EndProject
Project("{FAE04EC0-301F-11D3-BF4B-00C04F79EFBC}") = "Unity.InternalAPIEditorBridge.001", "Unity.InternalAPIEditorBridge.001.csproj", "{FEFD6E45-3C87-2C0C-B51D-E19F756A218C}"
EndProject
Project("{FAE04EC0-301F-11D3-BF4B-00C04F79EFBC}") = "Unity.2D.SpriteShape.Runtime", "Unity.2D.SpriteShape.Runtime.csproj", "{CE994442-D367-C80C-6B1A-9B6BE67B4465}"
EndProject
Project("{FAE04EC0-301F-11D3-BF4B-00C04F79EFBC}") = "Unity.VisualScripting.State.Editor", "Unity.VisualScripting.State.Editor.csproj", "{E012986D-4F64-F537-CD98-8EA85482FCC5}"
EndProject
Project("{FAE04EC0-301F-11D3-BF4B-00C04F79EFBC}") = "Unity.Burst.CodeGen", "Unity.Burst.CodeGen.csproj", "{B3A35D6F-75A7-B9D2-55EB-5A040A388D75}"
EndProject
Project("{FAE04EC0-301F-11D3-BF4B-00C04F79EFBC}") = "Unity.VisualScripting.State", "Unity.VisualScripting.State.csproj", "{8015DD1C-6A6A-E4BA-8081-492C4B3CA51F}"
EndProject
Project("{FAE04EC0-301F-11D3-BF4B-00C04F79EFBC}") = "Unity.TextMeshPro", "Unity.TextMeshPro.csproj", "{285389C0-4963-6E1B-404B-EA56D4889C08}"
EndProject
Project("{FAE04EC0-301F-11D3-BF4B-00C04F79EFBC}") = "Unity.2D.Tilemap.Extras.Editor", "Unity.2D.Tilemap.Extras.Editor.csproj", "{5FDA8CC4-B06D-1C5C-C79D-33271C1F5205}"
EndProject
Project("{FAE04EC0-301F-11D3-BF4B-00C04F79EFBC}") = "Unity.2D.Animation.Runtime", "Unity.2D.Animation.Runtime.csproj", "{5A794FBD-B301-BE55-A495-8C5F3350FE67}"
EndProject
Project("{FAE04EC0-301F-11D3-BF4B-00C04F79EFBC}") = "Unity.VisualScripting.SettingsProvider.Editor", "Unity.VisualScripting.SettingsProvider.Editor.csproj", "{ECE5C6E4-41E6-AC4C-6831-85B1EB0F3270}"
EndProject
Project("{FAE04EC0-301F-11D3-BF4B-00C04F79EFBC}") = "Unity.2D.IK.Editor", "Unity.2D.IK.Editor.csproj", "{7CEB6F32-D4CC-0206-A6F8-EBEEE02332AB}"
EndProject
Project("{FAE04EC0-301F-11D3-BF4B-00C04F79EFBC}") = "Unity.InternalAPIEngineBridge.001", "Unity.InternalAPIEngineBridge.001.csproj", "{2AA5D827-ECA7-57D2-B51C-74BA58E3F139}"
EndProject
Project("{FAE04EC0-301F-11D3-BF4B-00C04F79EFBC}") = "Unity.Burst.Editor", "Unity.Burst.Editor.csproj", "{A2669C1D-E2F7-99D8-EC89-A52889442926}"
EndProject
Project("{FAE04EC0-301F-11D3-BF4B-00C04F79EFBC}") = "Unity.2D.Common.Editor", "Unity.2D.Common.Editor.csproj", "{FE6006A6-F8C8-1B84-F5AB-9F5EA2B031B2}"
EndProject
Project("{FAE04EC0-301F-11D3-BF4B-00C04F79EFBC}") = "Unity.2D.PixelPerfect", "Unity.2D.PixelPerfect.csproj", "{5FF7B985-18B1-B58D-4993-AA9D8E3B09CF}"
EndProject
Project("{FAE04EC0-301F-11D3-BF4B-00C04F79EFBC}") = "Unity.2D.PixelPerfect.Editor", "Unity.2D.PixelPerfect.Editor.csproj", "{AD2249A2-C8B9-683C-B20B-726BA21FF4E5}"
EndProject
Project("{FAE04EC0-301F-11D3-BF4B-00C04F79EFBC}") = "Unity.2D.Common.Runtime", "Unity.2D.Common.Runtime.csproj", "{F8978BE3-A1D0-C924-6314-EED8A00B1AC3}"
EndProject
Project("{FAE04EC0-301F-11D3-BF4B-00C04F79EFBC}") = "Unity.Mathematics.Editor", "Unity.Mathematics.Editor.csproj", "{CACCDC3F-61D3-16B2-808B-012F7748272C}"
EndProject
Project("{FAE04EC0-301F-11D3-BF4B-00C04F79EFBC}") = "Unity.2D.Tilemap.Extras", "Unity.2D.Tilemap.Extras.csproj", "{7D2B47CA-04F4-6297-B8E1-74C7760D9559}"
EndProject
Project("{FAE04EC0-301F-11D3-BF4B-00C04F79EFBC}") = "Assembly-CSharp-Editor", "Assembly-CSharp-Editor.csproj", "{093A64B8-27B8-1A1E-0015-D7CDD75A291C}"
EndProject
Project("{FAE04EC0-301F-11D3-BF4B-00C04F79EFBC}") = "Unity.InputSystem.TestFramework", "Unity.InputSystem.TestFramework.csproj", "{68565F56-01D4-FD3F-317F-986AB6BEF328}"
EndProject
Project("{FAE04EC0-301F-11D3-BF4B-00C04F79EFBC}") = "Unity.VisualScripting.Shared.Editor", "Unity.VisualScripting.Shared.Editor.csproj", "{A4C1BCCA-D369-D28E-C4F5-814F16EA1AF3}"
EndProject
Project("{FAE04EC0-301F-11D3-BF4B-00C04F79EFBC}") = "Unity.Collections.DocCodeSamples", "Unity.Collections.DocCodeSamples.csproj", "{26262188-DBB8-8697-D9C5-5F6EBE0DDC31}"
EndProject
Project("{FAE04EC0-301F-11D3-BF4B-00C04F79EFBC}") = "Unity.Collections.BurstCompatibilityGen", "Unity.Collections.BurstCompatibilityGen.csproj", "{1936DB1F-92AC-7210-1DAC-C3ACDB4A9F45}"
EndProject
Project("{FAE04EC0-301F-11D3-BF4B-00C04F79EFBC}") = "Unity.CollabProxy.Editor", "Unity.CollabProxy.Editor.csproj", "{993A4945-0142-D319-40EE-DB9B8A97B066}"
EndProject
Global
	GlobalSection(SolutionConfigurationPlatforms) = preSolution
		Debug|Any CPU = Debug|Any CPU
		Release|Any CPU = Release|Any CPU
	EndGlobalSection
	GlobalSection(ProjectConfigurationPlatforms) = postSolution
		{F7B06BF8-3E1A-6B0D-AA53-B66AF3E1A067}.Debug|Any CPU.ActiveCfg = Debug|Any CPU
		{F7B06BF8-3E1A-6B0D-AA53-B66AF3E1A067}.Debug|Any CPU.Build.0 = Debug|Any CPU
		{F7B06BF8-3E1A-6B0D-AA53-B66AF3E1A067}.Release|Any CPU.ActiveCfg = Release|Any CPU
		{F7B06BF8-3E1A-6B0D-AA53-B66AF3E1A067}.Release|Any CPU.Build.0 = Release|Any CPU
		{FCB4EBBD-C699-1BAA-02D5-9AEC32864A69}.Debug|Any CPU.ActiveCfg = Debug|Any CPU
		{FCB4EBBD-C699-1BAA-02D5-9AEC32864A69}.Debug|Any CPU.Build.0 = Debug|Any CPU
		{FCB4EBBD-C699-1BAA-02D5-9AEC32864A69}.Release|Any CPU.ActiveCfg = Release|Any CPU
		{FCB4EBBD-C699-1BAA-02D5-9AEC32864A69}.Release|Any CPU.Build.0 = Release|Any CPU
		{8C777B4B-5661-C30F-FD50-FB24FE766AB4}.Debug|Any CPU.ActiveCfg = Debug|Any CPU
		{8C777B4B-5661-C30F-FD50-FB24FE766AB4}.Debug|Any CPU.Build.0 = Debug|Any CPU
		{8C777B4B-5661-C30F-FD50-FB24FE766AB4}.Release|Any CPU.ActiveCfg = Release|Any CPU
		{8C777B4B-5661-C30F-FD50-FB24FE766AB4}.Release|Any CPU.Build.0 = Release|Any CPU
		{9D165767-59B2-6A6A-4268-1E2BE62972F7}.Debug|Any CPU.ActiveCfg = Debug|Any CPU
		{9D165767-59B2-6A6A-4268-1E2BE62972F7}.Debug|Any CPU.Build.0 = Debug|Any CPU
		{9D165767-59B2-6A6A-4268-1E2BE62972F7}.Release|Any CPU.ActiveCfg = Release|Any CPU
		{9D165767-59B2-6A6A-4268-1E2BE62972F7}.Release|Any CPU.Build.0 = Release|Any CPU
		{C021F6F1-DE2B-3958-6561-F8D0EB9FAD33}.Debug|Any CPU.ActiveCfg = Debug|Any CPU
		{C021F6F1-DE2B-3958-6561-F8D0EB9FAD33}.Debug|Any CPU.Build.0 = Debug|Any CPU
		{C021F6F1-DE2B-3958-6561-F8D0EB9FAD33}.Release|Any CPU.ActiveCfg = Release|Any CPU
		{C021F6F1-DE2B-3958-6561-F8D0EB9FAD33}.Release|Any CPU.Build.0 = Release|Any CPU
		{1E5DD9A0-FA5E-3E71-ABEF-EDD9812BCFF0}.Debug|Any CPU.ActiveCfg = Debug|Any CPU
		{1E5DD9A0-FA5E-3E71-ABEF-EDD9812BCFF0}.Debug|Any CPU.Build.0 = Debug|Any CPU
		{1E5DD9A0-FA5E-3E71-ABEF-EDD9812BCFF0}.Release|Any CPU.ActiveCfg = Release|Any CPU
		{1E5DD9A0-FA5E-3E71-ABEF-EDD9812BCFF0}.Release|Any CPU.Build.0 = Release|Any CPU
		{1D35C9FC-83CB-A92E-B613-DF5371196481}.Debug|Any CPU.ActiveCfg = Debug|Any CPU
		{1D35C9FC-83CB-A92E-B613-DF5371196481}.Debug|Any CPU.Build.0 = Debug|Any CPU
		{1D35C9FC-83CB-A92E-B613-DF5371196481}.Release|Any CPU.ActiveCfg = Release|Any CPU
		{1D35C9FC-83CB-A92E-B613-DF5371196481}.Release|Any CPU.Build.0 = Release|Any CPU
		{2B13336F-3ED6-BE61-2889-2C56B8D4CCA9}.Debug|Any CPU.ActiveCfg = Debug|Any CPU
		{2B13336F-3ED6-BE61-2889-2C56B8D4CCA9}.Debug|Any CPU.Build.0 = Debug|Any CPU
		{2B13336F-3ED6-BE61-2889-2C56B8D4CCA9}.Release|Any CPU.ActiveCfg = Release|Any CPU
		{2B13336F-3ED6-BE61-2889-2C56B8D4CCA9}.Release|Any CPU.Build.0 = Release|Any CPU
		{197E32EC-ACBA-DDF8-A45F-EEF7174472EC}.Debug|Any CPU.ActiveCfg = Debug|Any CPU
		{197E32EC-ACBA-DDF8-A45F-EEF7174472EC}.Debug|Any CPU.Build.0 = Debug|Any CPU
		{197E32EC-ACBA-DDF8-A45F-EEF7174472EC}.Release|Any CPU.ActiveCfg = Release|Any CPU
		{197E32EC-ACBA-DDF8-A45F-EEF7174472EC}.Release|Any CPU.Build.0 = Release|Any CPU
		{9E3AFEE9-7E75-D616-1055-7F434E8C657D}.Debug|Any CPU.ActiveCfg = Debug|Any CPU
		{9E3AFEE9-7E75-D616-1055-7F434E8C657D}.Debug|Any CPU.Build.0 = Debug|Any CPU
		{9E3AFEE9-7E75-D616-1055-7F434E8C657D}.Release|Any CPU.ActiveCfg = Release|Any CPU
		{9E3AFEE9-7E75-D616-1055-7F434E8C657D}.Release|Any CPU.Build.0 = Release|Any CPU
		{F20B407E-32F3-3CC4-2248-FED2E5B2B715}.Debug|Any CPU.ActiveCfg = Debug|Any CPU
		{F20B407E-32F3-3CC4-2248-FED2E5B2B715}.Debug|Any CPU.Build.0 = Debug|Any CPU
		{F20B407E-32F3-3CC4-2248-FED2E5B2B715}.Release|Any CPU.ActiveCfg = Release|Any CPU
		{F20B407E-32F3-3CC4-2248-FED2E5B2B715}.Release|Any CPU.Build.0 = Release|Any CPU
		{B128D184-F4D5-8E00-3517-5A467DF0CA5A}.Debug|Any CPU.ActiveCfg = Debug|Any CPU
		{B128D184-F4D5-8E00-3517-5A467DF0CA5A}.Debug|Any CPU.Build.0 = Debug|Any CPU
		{B128D184-F4D5-8E00-3517-5A467DF0CA5A}.Release|Any CPU.ActiveCfg = Release|Any CPU
		{B128D184-F4D5-8E00-3517-5A467DF0CA5A}.Release|Any CPU.Build.0 = Release|Any CPU
		{5296419E-808C-EDF0-0D07-4FCC7A2DB464}.Debug|Any CPU.ActiveCfg = Debug|Any CPU
		{5296419E-808C-EDF0-0D07-4FCC7A2DB464}.Debug|Any CPU.Build.0 = Debug|Any CPU
		{5296419E-808C-EDF0-0D07-4FCC7A2DB464}.Release|Any CPU.ActiveCfg = Release|Any CPU
		{5296419E-808C-EDF0-0D07-4FCC7A2DB464}.Release|Any CPU.Build.0 = Release|Any CPU
		{726BBB6A-F9E5-5D0B-7D5B-8EA4C6AEE3A0}.Debug|Any CPU.ActiveCfg = Debug|Any CPU
		{726BBB6A-F9E5-5D0B-7D5B-8EA4C6AEE3A0}.Debug|Any CPU.Build.0 = Debug|Any CPU
		{726BBB6A-F9E5-5D0B-7D5B-8EA4C6AEE3A0}.Release|Any CPU.ActiveCfg = Release|Any CPU
		{726BBB6A-F9E5-5D0B-7D5B-8EA4C6AEE3A0}.Release|Any CPU.Build.0 = Release|Any CPU
		{C955A8D0-40B8-CEAF-D5C8-229ED2082BFB}.Debug|Any CPU.ActiveCfg = Debug|Any CPU
		{C955A8D0-40B8-CEAF-D5C8-229ED2082BFB}.Debug|Any CPU.Build.0 = Debug|Any CPU
		{C955A8D0-40B8-CEAF-D5C8-229ED2082BFB}.Release|Any CPU.ActiveCfg = Release|Any CPU
		{C955A8D0-40B8-CEAF-D5C8-229ED2082BFB}.Release|Any CPU.Build.0 = Release|Any CPU
		{DEDEE24D-F547-3F67-84A2-176709B4448F}.Debug|Any CPU.ActiveCfg = Debug|Any CPU
		{DEDEE24D-F547-3F67-84A2-176709B4448F}.Debug|Any CPU.Build.0 = Debug|Any CPU
		{DEDEE24D-F547-3F67-84A2-176709B4448F}.Release|Any CPU.ActiveCfg = Release|Any CPU
		{DEDEE24D-F547-3F67-84A2-176709B4448F}.Release|Any CPU.Build.0 = Release|Any CPU
		{9D73841B-4317-FAB3-1AAE-A1E181249E3B}.Debug|Any CPU.ActiveCfg = Debug|Any CPU
		{9D73841B-4317-FAB3-1AAE-A1E181249E3B}.Debug|Any CPU.Build.0 = Debug|Any CPU
		{9D73841B-4317-FAB3-1AAE-A1E181249E3B}.Release|Any CPU.ActiveCfg = Release|Any CPU
		{9D73841B-4317-FAB3-1AAE-A1E181249E3B}.Release|Any CPU.Build.0 = Release|Any CPU
		{95BD45B3-5623-74FF-B921-15B47C81A9DA}.Debug|Any CPU.ActiveCfg = Debug|Any CPU
		{95BD45B3-5623-74FF-B921-15B47C81A9DA}.Debug|Any CPU.Build.0 = Debug|Any CPU
		{95BD45B3-5623-74FF-B921-15B47C81A9DA}.Release|Any CPU.ActiveCfg = Release|Any CPU
		{95BD45B3-5623-74FF-B921-15B47C81A9DA}.Release|Any CPU.Build.0 = Release|Any CPU
		{2E7AC14C-A2E5-851F-1651-494C37945523}.Debug|Any CPU.ActiveCfg = Debug|Any CPU
		{2E7AC14C-A2E5-851F-1651-494C37945523}.Debug|Any CPU.Build.0 = Debug|Any CPU
		{2E7AC14C-A2E5-851F-1651-494C37945523}.Release|Any CPU.ActiveCfg = Release|Any CPU
		{2E7AC14C-A2E5-851F-1651-494C37945523}.Release|Any CPU.Build.0 = Release|Any CPU
		{9C2DDF95-F2AF-8394-3CD6-54C2BC9010D8}.Debug|Any CPU.ActiveCfg = Debug|Any CPU
		{9C2DDF95-F2AF-8394-3CD6-54C2BC9010D8}.Debug|Any CPU.Build.0 = Debug|Any CPU
		{9C2DDF95-F2AF-8394-3CD6-54C2BC9010D8}.Release|Any CPU.ActiveCfg = Release|Any CPU
		{9C2DDF95-F2AF-8394-3CD6-54C2BC9010D8}.Release|Any CPU.Build.0 = Release|Any CPU
		{B882A533-A01B-F333-39D4-EDA328A6F254}.Debug|Any CPU.ActiveCfg = Debug|Any CPU
		{B882A533-A01B-F333-39D4-EDA328A6F254}.Debug|Any CPU.Build.0 = Debug|Any CPU
		{B882A533-A01B-F333-39D4-EDA328A6F254}.Release|Any CPU.ActiveCfg = Release|Any CPU
		{B882A533-A01B-F333-39D4-EDA328A6F254}.Release|Any CPU.Build.0 = Release|Any CPU
		{872270C3-33FB-C794-2E7A-E833C77A6816}.Debug|Any CPU.ActiveCfg = Debug|Any CPU
		{872270C3-33FB-C794-2E7A-E833C77A6816}.Debug|Any CPU.Build.0 = Debug|Any CPU
		{872270C3-33FB-C794-2E7A-E833C77A6816}.Release|Any CPU.ActiveCfg = Release|Any CPU
		{872270C3-33FB-C794-2E7A-E833C77A6816}.Release|Any CPU.Build.0 = Release|Any CPU
		{FB6033A9-B16E-9732-BE7C-451F09F75894}.Debug|Any CPU.ActiveCfg = Debug|Any CPU
		{FB6033A9-B16E-9732-BE7C-451F09F75894}.Debug|Any CPU.Build.0 = Debug|Any CPU
		{FB6033A9-B16E-9732-BE7C-451F09F75894}.Release|Any CPU.ActiveCfg = Release|Any CPU
		{FB6033A9-B16E-9732-BE7C-451F09F75894}.Release|Any CPU.Build.0 = Release|Any CPU
		{438732FC-5D08-A9D4-FC94-F45A11094757}.Debug|Any CPU.ActiveCfg = Debug|Any CPU
		{438732FC-5D08-A9D4-FC94-F45A11094757}.Debug|Any CPU.Build.0 = Debug|Any CPU
		{438732FC-5D08-A9D4-FC94-F45A11094757}.Release|Any CPU.ActiveCfg = Release|Any CPU
		{438732FC-5D08-A9D4-FC94-F45A11094757}.Release|Any CPU.Build.0 = Release|Any CPU
		{FEFD6E45-3C87-2C0C-B51D-E19F756A218C}.Debug|Any CPU.ActiveCfg = Debug|Any CPU
		{FEFD6E45-3C87-2C0C-B51D-E19F756A218C}.Debug|Any CPU.Build.0 = Debug|Any CPU
		{FEFD6E45-3C87-2C0C-B51D-E19F756A218C}.Release|Any CPU.ActiveCfg = Release|Any CPU
		{FEFD6E45-3C87-2C0C-B51D-E19F756A218C}.Release|Any CPU.Build.0 = Release|Any CPU
		{CE994442-D367-C80C-6B1A-9B6BE67B4465}.Debug|Any CPU.ActiveCfg = Debug|Any CPU
		{CE994442-D367-C80C-6B1A-9B6BE67B4465}.Debug|Any CPU.Build.0 = Debug|Any CPU
		{CE994442-D367-C80C-6B1A-9B6BE67B4465}.Release|Any CPU.ActiveCfg = Release|Any CPU
		{CE994442-D367-C80C-6B1A-9B6BE67B4465}.Release|Any CPU.Build.0 = Release|Any CPU
		{E012986D-4F64-F537-CD98-8EA85482FCC5}.Debug|Any CPU.ActiveCfg = Debug|Any CPU
		{E012986D-4F64-F537-CD98-8EA85482FCC5}.Debug|Any CPU.Build.0 = Debug|Any CPU
		{E012986D-4F64-F537-CD98-8EA85482FCC5}.Release|Any CPU.ActiveCfg = Release|Any CPU
		{E012986D-4F64-F537-CD98-8EA85482FCC5}.Release|Any CPU.Build.0 = Release|Any CPU
		{B3A35D6F-75A7-B9D2-55EB-5A040A388D75}.Debug|Any CPU.ActiveCfg = Debug|Any CPU
		{B3A35D6F-75A7-B9D2-55EB-5A040A388D75}.Debug|Any CPU.Build.0 = Debug|Any CPU
		{B3A35D6F-75A7-B9D2-55EB-5A040A388D75}.Release|Any CPU.ActiveCfg = Release|Any CPU
		{B3A35D6F-75A7-B9D2-55EB-5A040A388D75}.Release|Any CPU.Build.0 = Release|Any CPU
		{8015DD1C-6A6A-E4BA-8081-492C4B3CA51F}.Debug|Any CPU.ActiveCfg = Debug|Any CPU
		{8015DD1C-6A6A-E4BA-8081-492C4B3CA51F}.Debug|Any CPU.Build.0 = Debug|Any CPU
		{8015DD1C-6A6A-E4BA-8081-492C4B3CA51F}.Release|Any CPU.ActiveCfg = Release|Any CPU
		{8015DD1C-6A6A-E4BA-8081-492C4B3CA51F}.Release|Any CPU.Build.0 = Release|Any CPU
		{285389C0-4963-6E1B-404B-EA56D4889C08}.Debug|Any CPU.ActiveCfg = Debug|Any CPU
		{285389C0-4963-6E1B-404B-EA56D4889C08}.Debug|Any CPU.Build.0 = Debug|Any CPU
		{285389C0-4963-6E1B-404B-EA56D4889C08}.Release|Any CPU.ActiveCfg = Release|Any CPU
		{285389C0-4963-6E1B-404B-EA56D4889C08}.Release|Any CPU.Build.0 = Release|Any CPU
		{5FDA8CC4-B06D-1C5C-C79D-33271C1F5205}.Debug|Any CPU.ActiveCfg = Debug|Any CPU
		{5FDA8CC4-B06D-1C5C-C79D-33271C1F5205}.Debug|Any CPU.Build.0 = Debug|Any CPU
		{5FDA8CC4-B06D-1C5C-C79D-33271C1F5205}.Release|Any CPU.ActiveCfg = Release|Any CPU
		{5FDA8CC4-B06D-1C5C-C79D-33271C1F5205}.Release|Any CPU.Build.0 = Release|Any CPU
		{5A794FBD-B301-BE55-A495-8C5F3350FE67}.Debug|Any CPU.ActiveCfg = Debug|Any CPU
		{5A794FBD-B301-BE55-A495-8C5F3350FE67}.Debug|Any CPU.Build.0 = Debug|Any CPU
		{5A794FBD-B301-BE55-A495-8C5F3350FE67}.Release|Any CPU.ActiveCfg = Release|Any CPU
		{5A794FBD-B301-BE55-A495-8C5F3350FE67}.Release|Any CPU.Build.0 = Release|Any CPU
		{ECE5C6E4-41E6-AC4C-6831-85B1EB0F3270}.Debug|Any CPU.ActiveCfg = Debug|Any CPU
		{ECE5C6E4-41E6-AC4C-6831-85B1EB0F3270}.Debug|Any CPU.Build.0 = Debug|Any CPU
		{ECE5C6E4-41E6-AC4C-6831-85B1EB0F3270}.Release|Any CPU.ActiveCfg = Release|Any CPU
		{ECE5C6E4-41E6-AC4C-6831-85B1EB0F3270}.Release|Any CPU.Build.0 = Release|Any CPU
		{7CEB6F32-D4CC-0206-A6F8-EBEEE02332AB}.Debug|Any CPU.ActiveCfg = Debug|Any CPU
		{7CEB6F32-D4CC-0206-A6F8-EBEEE02332AB}.Debug|Any CPU.Build.0 = Debug|Any CPU
		{7CEB6F32-D4CC-0206-A6F8-EBEEE02332AB}.Release|Any CPU.ActiveCfg = Release|Any CPU
		{7CEB6F32-D4CC-0206-A6F8-EBEEE02332AB}.Release|Any CPU.Build.0 = Release|Any CPU
		{2AA5D827-ECA7-57D2-B51C-74BA58E3F139}.Debug|Any CPU.ActiveCfg = Debug|Any CPU
		{2AA5D827-ECA7-57D2-B51C-74BA58E3F139}.Debug|Any CPU.Build.0 = Debug|Any CPU
		{2AA5D827-ECA7-57D2-B51C-74BA58E3F139}.Release|Any CPU.ActiveCfg = Release|Any CPU
		{2AA5D827-ECA7-57D2-B51C-74BA58E3F139}.Release|Any CPU.Build.0 = Release|Any CPU
		{A2669C1D-E2F7-99D8-EC89-A52889442926}.Debug|Any CPU.ActiveCfg = Debug|Any CPU
		{A2669C1D-E2F7-99D8-EC89-A52889442926}.Debug|Any CPU.Build.0 = Debug|Any CPU
		{A2669C1D-E2F7-99D8-EC89-A52889442926}.Release|Any CPU.ActiveCfg = Release|Any CPU
		{A2669C1D-E2F7-99D8-EC89-A52889442926}.Release|Any CPU.Build.0 = Release|Any CPU
		{FE6006A6-F8C8-1B84-F5AB-9F5EA2B031B2}.Debug|Any CPU.ActiveCfg = Debug|Any CPU
		{FE6006A6-F8C8-1B84-F5AB-9F5EA2B031B2}.Debug|Any CPU.Build.0 = Debug|Any CPU
		{FE6006A6-F8C8-1B84-F5AB-9F5EA2B031B2}.Release|Any CPU.ActiveCfg = Release|Any CPU
		{FE6006A6-F8C8-1B84-F5AB-9F5EA2B031B2}.Release|Any CPU.Build.0 = Release|Any CPU
		{5FF7B985-18B1-B58D-4993-AA9D8E3B09CF}.Debug|Any CPU.ActiveCfg = Debug|Any CPU
		{5FF7B985-18B1-B58D-4993-AA9D8E3B09CF}.Debug|Any CPU.Build.0 = Debug|Any CPU
		{5FF7B985-18B1-B58D-4993-AA9D8E3B09CF}.Release|Any CPU.ActiveCfg = Release|Any CPU
		{5FF7B985-18B1-B58D-4993-AA9D8E3B09CF}.Release|Any CPU.Build.0 = Release|Any CPU
		{AD2249A2-C8B9-683C-B20B-726BA21FF4E5}.Debug|Any CPU.ActiveCfg = Debug|Any CPU
		{AD2249A2-C8B9-683C-B20B-726BA21FF4E5}.Debug|Any CPU.Build.0 = Debug|Any CPU
		{AD2249A2-C8B9-683C-B20B-726BA21FF4E5}.Release|Any CPU.ActiveCfg = Release|Any CPU
		{AD2249A2-C8B9-683C-B20B-726BA21FF4E5}.Release|Any CPU.Build.0 = Release|Any CPU
		{F8978BE3-A1D0-C924-6314-EED8A00B1AC3}.Debug|Any CPU.ActiveCfg = Debug|Any CPU
		{F8978BE3-A1D0-C924-6314-EED8A00B1AC3}.Debug|Any CPU.Build.0 = Debug|Any CPU
		{F8978BE3-A1D0-C924-6314-EED8A00B1AC3}.Release|Any CPU.ActiveCfg = Release|Any CPU
		{F8978BE3-A1D0-C924-6314-EED8A00B1AC3}.Release|Any CPU.Build.0 = Release|Any CPU
		{CACCDC3F-61D3-16B2-808B-012F7748272C}.Debug|Any CPU.ActiveCfg = Debug|Any CPU
		{CACCDC3F-61D3-16B2-808B-012F7748272C}.Debug|Any CPU.Build.0 = Debug|Any CPU
		{CACCDC3F-61D3-16B2-808B-012F7748272C}.Release|Any CPU.ActiveCfg = Release|Any CPU
		{CACCDC3F-61D3-16B2-808B-012F7748272C}.Release|Any CPU.Build.0 = Release|Any CPU
		{7D2B47CA-04F4-6297-B8E1-74C7760D9559}.Debug|Any CPU.ActiveCfg = Debug|Any CPU
		{7D2B47CA-04F4-6297-B8E1-74C7760D9559}.Debug|Any CPU.Build.0 = Debug|Any CPU
		{7D2B47CA-04F4-6297-B8E1-74C7760D9559}.Release|Any CPU.ActiveCfg = Release|Any CPU
		{7D2B47CA-04F4-6297-B8E1-74C7760D9559}.Release|Any CPU.Build.0 = Release|Any CPU
		{093A64B8-27B8-1A1E-0015-D7CDD75A291C}.Debug|Any CPU.ActiveCfg = Debug|Any CPU
		{093A64B8-27B8-1A1E-0015-D7CDD75A291C}.Debug|Any CPU.Build.0 = Debug|Any CPU
		{093A64B8-27B8-1A1E-0015-D7CDD75A291C}.Release|Any CPU.ActiveCfg = Release|Any CPU
		{093A64B8-27B8-1A1E-0015-D7CDD75A291C}.Release|Any CPU.Build.0 = Release|Any CPU
		{68565F56-01D4-FD3F-317F-986AB6BEF328}.Debug|Any CPU.ActiveCfg = Debug|Any CPU
		{68565F56-01D4-FD3F-317F-986AB6BEF328}.Debug|Any CPU.Build.0 = Debug|Any CPU
		{68565F56-01D4-FD3F-317F-986AB6BEF328}.Release|Any CPU.ActiveCfg = Release|Any CPU
		{68565F56-01D4-FD3F-317F-986AB6BEF328}.Release|Any CPU.Build.0 = Release|Any CPU
		{A4C1BCCA-D369-D28E-C4F5-814F16EA1AF3}.Debug|Any CPU.ActiveCfg = Debug|Any CPU
		{A4C1BCCA-D369-D28E-C4F5-814F16EA1AF3}.Debug|Any CPU.Build.0 = Debug|Any CPU
		{A4C1BCCA-D369-D28E-C4F5-814F16EA1AF3}.Release|Any CPU.ActiveCfg = Release|Any CPU
		{A4C1BCCA-D369-D28E-C4F5-814F16EA1AF3}.Release|Any CPU.Build.0 = Release|Any CPU
		{26262188-DBB8-8697-D9C5-5F6EBE0DDC31}.Debug|Any CPU.ActiveCfg = Debug|Any CPU
		{26262188-DBB8-8697-D9C5-5F6EBE0DDC31}.Debug|Any CPU.Build.0 = Debug|Any CPU
		{26262188-DBB8-8697-D9C5-5F6EBE0DDC31}.Release|Any CPU.ActiveCfg = Release|Any CPU
		{26262188-DBB8-8697-D9C5-5F6EBE0DDC31}.Release|Any CPU.Build.0 = Release|Any CPU
		{1936DB1F-92AC-7210-1DAC-C3ACDB4A9F45}.Debug|Any CPU.ActiveCfg = Debug|Any CPU
		{1936DB1F-92AC-7210-1DAC-C3ACDB4A9F45}.Debug|Any CPU.Build.0 = Debug|Any CPU
		{1936DB1F-92AC-7210-1DAC-C3ACDB4A9F45}.Release|Any CPU.ActiveCfg = Release|Any CPU
		{1936DB1F-92AC-7210-1DAC-C3ACDB4A9F45}.Release|Any CPU.Build.0 = Release|Any CPU
		{993A4945-0142-D319-40EE-DB9B8A97B066}.Debug|Any CPU.ActiveCfg = Debug|Any CPU
		{993A4945-0142-D319-40EE-DB9B8A97B066}.Debug|Any CPU.Build.0 = Debug|Any CPU
		{993A4945-0142-D319-40EE-DB9B8A97B066}.Release|Any CPU.ActiveCfg = Release|Any CPU
		{993A4945-0142-D319-40EE-DB9B8A97B066}.Release|Any CPU.Build.0 = Release|Any CPU
	EndGlobalSection
	GlobalSection(SolutionProperties) = preSolution
		HideSolutionNode = FALSE
	EndGlobalSection
EndGlobal
